
Microsoft Visual Studio Solution File, Format Version 12.00
# Visual Studio Version 17
VisualStudioVersion = 17.6.33815.320
MinimumVisualStudioVersion = 10.0.40219.1
Project("{FAE04EC0-301F-11D3-BF4B-00C04F79EFBC}") = "Final_POE_TimeMangement", "Final_POE_TimeMangement.csproj", "{CED17768-ACB0-45CC-B8B1-55AC7B8B7232}"
EndProject
Global
	GlobalSection(SolutionConfigurationPlatforms) = preSolution
		Debug|Any CPU = Debug|Any CPU
		Release|Any CPU = Release|Any CPU
	EndGlobalSection
	GlobalSection(ProjectConfigurationPlatforms) = postSolution
		{CED17768-ACB0-45CC-B8B1-55AC7B8B7232}.Debug|Any CPU.ActiveCfg = Debug|Any CPU
		{CED17768-ACB0-45CC-B8B1-55AC7B8B7232}.Debug|Any CPU.Build.0 = Debug|Any CPU
		{CED17768-ACB0-45CC-B8B1-55AC7B8B7232}.Release|Any CPU.ActiveCfg = Release|Any CPU
		{CED17768-ACB0-45CC-B8B1-55AC7B8B7232}.Release|Any CPU.Build.0 = Release|Any CPU
	EndGlobalSection
	GlobalSection(SolutionProperties) = preSolution
		HideSolutionNode = FALSE
	EndGlobalSection
	GlobalSection(ExtensibilityGlobals) = postSolution
		SolutionGuid = {5BB290D5-C344-4A4A-BC1D-7386DDBB2D4E}
	EndGlobalSection
EndGlobal
